
Microsoft Visual Studio Solution File, Format Version 12.00
# Visual Studio Version 17
VisualStudioVersion = 17.7.34031.279
MinimumVisualStudioVersion = 10.0.40219.1
Project("{FAE04EC0-301F-11D3-BF4B-00C04F79EFBC}") = "A1YourFirstnameLastname", "A1YourFirstnameLastname\A1YourFirstnameLastname.csproj", "{42A2BF33-C69E-4AF6-AF1F-1C73630D952E}"
EndProject
Global
	GlobalSection(SolutionConfigurationPlatforms) = preSolution
		Debug|Any CPU = Debug|Any CPU
		Release|Any CPU = Release|Any CPU
	EndGlobalSection
	GlobalSection(ProjectConfigurationPlatforms) = postSolution
		{42A2BF33-C69E-4AF6-AF1F-1C73630D952E}.Debug|Any CPU.ActiveCfg = Debug|Any CPU
		{42A2BF33-C69E-4AF6-AF1F-1C73630D952E}.Debug|Any CPU.Build.0 = Debug|Any CPU
		{42A2BF33-C69E-4AF6-AF1F-1C73630D952E}.Release|Any CPU.ActiveCfg = Release|Any CPU
		{42A2BF33-C69E-4AF6-AF1F-1C73630D952E}.Release|Any CPU.Build.0 = Release|Any CPU
	EndGlobalSection
	GlobalSection(SolutionProperties) = preSolution
		HideSolutionNode = FALSE
	EndGlobalSection
	GlobalSection(ExtensibilityGlobals) = postSolution
		SolutionGuid = {AEF8709A-F97C-4D75-86F7-1086FE6A6799}
	EndGlobalSection
EndGlobal
